
Microsoft Visual Studio Solution File, Format Version 12.00
# Visual Studio Version 17
VisualStudioVersion = 17.1.32328.378
MinimumVisualStudioVersion = 10.0.40219.1
Project("{FAE04EC0-301F-11D3-BF4B-00C04F79EFBC}") = "Euro-Geldzähler (Grafic)", "Euro-Geldzähler (Grafic)\Euro-Geldzähler (Grafic).csproj", "{3CDA912E-CC81-4BDB-B302-0A5AB2D59E1F}"
EndProject
Global
	GlobalSection(SolutionConfigurationPlatforms) = preSolution
		Debug|Any CPU = Debug|Any CPU
		Release|Any CPU = Release|Any CPU
	EndGlobalSection
	GlobalSection(ProjectConfigurationPlatforms) = postSolution
		{3CDA912E-CC81-4BDB-B302-0A5AB2D59E1F}.Debug|Any CPU.ActiveCfg = Debug|Any CPU
		{3CDA912E-CC81-4BDB-B302-0A5AB2D59E1F}.Debug|Any CPU.Build.0 = Debug|Any CPU
		{3CDA912E-CC81-4BDB-B302-0A5AB2D59E1F}.Release|Any CPU.ActiveCfg = Release|Any CPU
		{3CDA912E-CC81-4BDB-B302-0A5AB2D59E1F}.Release|Any CPU.Build.0 = Release|Any CPU
	EndGlobalSection
	GlobalSection(SolutionProperties) = preSolution
		HideSolutionNode = FALSE
	EndGlobalSection
	GlobalSection(ExtensibilityGlobals) = postSolution
		SolutionGuid = {162F6631-5E24-4E0B-8525-DD916F430375}
	EndGlobalSection
EndGlobal
