
Microsoft Visual Studio Solution File, Format Version 12.00
# Visual Studio Version 17
VisualStudioVersion = 17.1.32328.378
MinimumVisualStudioVersion = 10.0.40219.1
Project("{FAE04EC0-301F-11D3-BF4B-00C04F79EFBC}") = "Geldzähler mit Euro 4.0", "Geldzähler mit Euro 4.0.csproj", "{90F3F55F-7441-4CE1-AA8D-ABDD699CC6CD}"
EndProject
Global
	GlobalSection(SolutionConfigurationPlatforms) = preSolution
		Debug|Any CPU = Debug|Any CPU
		Release|Any CPU = Release|Any CPU
	EndGlobalSection
	GlobalSection(ProjectConfigurationPlatforms) = postSolution
		{90F3F55F-7441-4CE1-AA8D-ABDD699CC6CD}.Debug|Any CPU.ActiveCfg = Debug|Any CPU
		{90F3F55F-7441-4CE1-AA8D-ABDD699CC6CD}.Debug|Any CPU.Build.0 = Debug|Any CPU
		{90F3F55F-7441-4CE1-AA8D-ABDD699CC6CD}.Release|Any CPU.ActiveCfg = Release|Any CPU
		{90F3F55F-7441-4CE1-AA8D-ABDD699CC6CD}.Release|Any CPU.Build.0 = Release|Any CPU
	EndGlobalSection
	GlobalSection(SolutionProperties) = preSolution
		HideSolutionNode = FALSE
	EndGlobalSection
	GlobalSection(ExtensibilityGlobals) = postSolution
		SolutionGuid = {DD97EDBF-FD0B-4CCA-ABF1-1A84D5F7D113}
	EndGlobalSection
EndGlobal
